{
    "version": 3,
    "terraform_version": "0.11.7",
    "serial": 4,
    "lineage": "d50568f8-428f-bd58-370e-f1dc04a71450",
    "modules": [
        {
            "path": [
                "root"
            ],
            "outputs": {},
            "resources": {
                "google_compute_backend_service.http_lb_backend_service": {
                    "type": "google_compute_backend_service",
                    "depends_on": [
                        "google_compute_http_health_check.prod-lb-public",
                        "google_compute_instance_group.httplb"
                    ],
                    "primary": {
                        "id": "httpslb",
                        "attributes": {
                            "backend.#": "1",
                            "backend.4030908377.balancing_mode": "UTILIZATION",
                            "backend.4030908377.capacity_scaler": "1",
                            "backend.4030908377.description": "",
                            "backend.4030908377.group": "https://www.googleapis.com/compute/beta/projects/cf-sandbox-sijones/zones/us-central1-a/instanceGroups/httpslb",
                            "backend.4030908377.max_connections": "0",
                            "backend.4030908377.max_connections_per_instance": "0",
                            "backend.4030908377.max_rate": "0",
                            "backend.4030908377.max_rate_per_instance": "0",
                            "backend.4030908377.max_utilization": "0.8",
                            "cdn_policy.#": "1",
                            "cdn_policy.0.cache_key_policy.#": "1",
                            "cdn_policy.0.cache_key_policy.0.include_host": "false",
                            "cdn_policy.0.cache_key_policy.0.include_protocol": "false",
                            "cdn_policy.0.cache_key_policy.0.include_query_string": "false",
                            "cdn_policy.0.cache_key_policy.0.query_string_blacklist.#": "0",
                            "cdn_policy.0.cache_key_policy.0.query_string_whitelist.#": "0",
                            "connection_draining_timeout_sec": "300",
                            "custom_request_headers.#": "0",
                            "description": "",
                            "enable_cdn": "false",
                            "fingerprint": "wsyntwoLlo4=",
                            "health_checks.#": "1",
                            "health_checks.2161134114": "https://www.googleapis.com/compute/beta/projects/cf-sandbox-sijones/global/httpHealthChecks/prod-lb-public",
                            "iap.#": "0",
                            "id": "httpslb",
                            "name": "httpslb",
                            "port_name": "http",
                            "project": "cf-sandbox-sijones",
                            "protocol": "HTTP",
                            "security_policy": "",
                            "self_link": "https://www.googleapis.com/compute/v1/projects/cf-sandbox-sijones/global/backendServices/httpslb",
                            "session_affinity": "NONE",
                            "timeout_sec": "900"
                        },
                        "meta": {
                            "schema_version": "1"
                        },
                        "tainted": false
                    },
                    "deposed": [],
                    "provider": "provider.google"
                },
                "google_compute_firewall.external": {
                    "type": "google_compute_firewall",
                    "depends_on": [
                        "google_compute_network.production-network"
                    ],
                    "primary": {
                        "id": "production-external",
                        "attributes": {
                            "allow.#": "1",
                            "allow.2333383230.ports.#": "4",
                            "allow.2333383230.ports.0": "22",
                            "allow.2333383230.ports.1": "443",
                            "allow.2333383230.ports.2": "8080",
                            "allow.2333383230.ports.3": "8000",
                            "allow.2333383230.protocol": "tcp",
                            "deny.#": "0",
                            "description": "",
                            "destination_ranges.#": "0",
                            "direction": "INGRESS",
                            "disabled": "false",
                            "id": "production-external",
                            "name": "production-external",
                            "network": "https://www.googleapis.com/compute/v1/projects/cf-sandbox-sijones/global/networks/production-network",
                            "priority": "1000",
                            "project": "cf-sandbox-sijones",
                            "self_link": "https://www.googleapis.com/compute/v1/projects/cf-sandbox-sijones/global/firewalls/production-external",
                            "source_ranges.#": "1",
                            "source_ranges.1080289494": "0.0.0.0/0",
                            "source_service_accounts.#": "0",
                            "source_tags.#": "0",
                            "target_service_accounts.#": "0",
                            "target_tags.#": "1",
                            "target_tags.1022277012": "prod-vms"
                        },
                        "meta": {
                            "schema_version": "1"
                        },
                        "tainted": false
                    },
                    "deposed": [],
                    "provider": "provider.google"
                },
                "google_compute_firewall.prod-lb-health_check": {
                    "type": "google_compute_firewall",
                    "depends_on": [
                        "google_compute_network.production-network"
                    ],
                    "primary": {
                        "id": "prod-lb-health-check",
                        "attributes": {
                            "allow.#": "1",
                            "allow.2481140388.ports.#": "1",
                            "allow.2481140388.ports.0": "8080",
                            "allow.2481140388.protocol": "tcp",
                            "deny.#": "0",
                            "description": "",
                            "destination_ranges.#": "0",
                            "direction": "INGRESS",
                            "disabled": "false",
                            "id": "prod-lb-health-check",
                            "name": "prod-lb-health-check",
                            "network": "https://www.googleapis.com/compute/v1/projects/cf-sandbox-sijones/global/networks/production-network",
                            "priority": "1000",
                            "project": "cf-sandbox-sijones",
                            "self_link": "https://www.googleapis.com/compute/v1/projects/cf-sandbox-sijones/global/firewalls/prod-lb-health-check",
                            "source_ranges.#": "1",
                            "source_ranges.3771769585": "0.0.0.0",
                            "source_service_accounts.#": "0",
                            "source_tags.#": "0",
                            "target_service_accounts.#": "0",
                            "target_tags.#": "1",
                            "target_tags.3555570144": "production"
                        },
                        "meta": {
                            "schema_version": "1"
                        },
                        "tainted": false
                    },
                    "deposed": [],
                    "provider": "provider.google"
                },
                "google_compute_global_address.prod-lb": {
                    "type": "google_compute_global_address",
                    "depends_on": [],
                    "primary": {
                        "id": "prod-lb",
                        "attributes": {
                            "address": "35.241.24.23",
                            "creation_timestamp": "2018-08-10T08:29:59.652-07:00",
                            "description": "",
                            "id": "prod-lb",
                            "ip_version": "",
                            "name": "prod-lb",
                            "project": "cf-sandbox-sijones",
                            "self_link": "https://www.googleapis.com/compute/v1/projects/cf-sandbox-sijones/global/addresses/prod-lb"
                        },
                        "meta": {
                            "e2bfb730-ecaa-11e6-8f88-34363bc7c4c0": {
                                "create": 240000000000,
                                "delete": 240000000000
                            }
                        },
                        "tainted": false
                    },
                    "deposed": [],
                    "provider": "provider.google"
                },
                "google_compute_global_forwarding_rule.prod-lb-http": {
                    "type": "google_compute_global_forwarding_rule",
                    "depends_on": [
                        "google_compute_global_address.prod-lb",
                        "google_compute_target_http_proxy.http_lb_proxy"
                    ],
                    "primary": {
                        "id": "prod-lb-lb-http",
                        "attributes": {
                            "description": "",
                            "id": "prod-lb-lb-http",
                            "ip_address": "35.241.24.23",
                            "ip_protocol": "TCP",
                            "ip_version": "",
                            "label_fingerprint": "42WmSpB8rSM=",
                            "labels.%": "0",
                            "name": "prod-lb-lb-http",
                            "port_range": "80-80",
                            "project": "cf-sandbox-sijones",
                            "self_link": "https://www.googleapis.com/compute/v1/projects/cf-sandbox-sijones/global/forwardingRules/prod-lb-lb-http",
                            "target": "https://www.googleapis.com/compute/beta/projects/cf-sandbox-sijones/global/targetHttpProxies/httpproxy"
                        },
                        "meta": {},
                        "tainted": false
                    },
                    "deposed": [],
                    "provider": "provider.google"
                },
                "google_compute_http_health_check.prod-lb-public": {
                    "type": "google_compute_http_health_check",
                    "depends_on": [],
                    "primary": {
                        "id": "prod-lb-public",
                        "attributes": {
                            "check_interval_sec": "5",
                            "creation_timestamp": "2018-08-10T08:29:59.284-07:00",
                            "description": "",
                            "healthy_threshold": "6",
                            "host": "",
                            "id": "prod-lb-public",
                            "name": "prod-lb-public",
                            "port": "8080",
                            "project": "cf-sandbox-sijones",
                            "request_path": "/hello",
                            "self_link": "https://www.googleapis.com/compute/v1/projects/cf-sandbox-sijones/global/httpHealthChecks/prod-lb-public",
                            "timeout_sec": "3",
                            "unhealthy_threshold": "3"
                        },
                        "meta": {
                            "e2bfb730-ecaa-11e6-8f88-34363bc7c4c0": {
                                "create": 240000000000,
                                "delete": 240000000000,
                                "update": 240000000000
                            }
                        },
                        "tainted": false
                    },
                    "deposed": [],
                    "provider": "provider.google"
                },
                "google_compute_instance_group.httplb": {
                    "type": "google_compute_instance_group",
                    "depends_on": [],
                    "primary": {
                        "id": "us-central1-a/httpslb",
                        "attributes": {
                            "description": "terraform generated instance group that is multi-zone for https loadbalancing",
                            "id": "us-central1-a/httpslb",
                            "instances.#": "0",
                            "name": "httpslb",
                            "named_port.#": "0",
                            "network": "",
                            "project": "cf-sandbox-sijones",
                            "self_link": "https://www.googleapis.com/compute/v1/projects/cf-sandbox-sijones/zones/us-central1-a/instanceGroups/httpslb",
                            "size": "0",
                            "zone": "us-central1-a"
                        },
                        "meta": {
                            "schema_version": "2"
                        },
                        "tainted": false
                    },
                    "deposed": [],
                    "provider": "provider.google"
                },
                "google_compute_network.production-network": {
                    "type": "google_compute_network",
                    "depends_on": [],
                    "primary": {
                        "id": "production-network",
                        "attributes": {
                            "auto_create_subnetworks": "false",
                            "description": "",
                            "gateway_ipv4": "",
                            "id": "production-network",
                            "ipv4_range": "",
                            "name": "production-network",
                            "project": "cf-sandbox-sijones",
                            "routing_mode": "REGIONAL",
                            "self_link": "https://www.googleapis.com/compute/v1/projects/cf-sandbox-sijones/global/networks/production-network"
                        },
                        "meta": {},
                        "tainted": false
                    },
                    "deposed": [],
                    "provider": "provider.google"
                },
                "google_compute_subnetwork.production-subnet": {
                    "type": "google_compute_subnetwork",
                    "depends_on": [
                        "google_compute_network.production-network"
                    ],
                    "primary": {
                        "id": "us-central1/production-subnet",
                        "attributes": {
                            "creation_timestamp": "2018-08-10T08:30:10.353-07:00",
                            "description": "",
                            "enable_flow_logs": "false",
                            "fingerprint": "AswtwfDmYuk=",
                            "gateway_address": "10.0.1.1",
                            "id": "us-central1/production-subnet",
                            "ip_cidr_range": "10.0.1.0/24",
                            "name": "production-subnet",
                            "network": "https://www.googleapis.com/compute/beta/projects/cf-sandbox-sijones/global/networks/production-network",
                            "private_ip_google_access": "false",
                            "project": "cf-sandbox-sijones",
                            "region": "us-central1",
                            "secondary_ip_range.#": "0",
                            "self_link": "https://www.googleapis.com/compute/v1/projects/cf-sandbox-sijones/regions/us-central1/subnetworks/production-subnet"
                        },
                        "meta": {
                            "e2bfb730-ecaa-11e6-8f88-34363bc7c4c0": {
                                "create": 360000000000,
                                "delete": 360000000000,
                                "update": 360000000000
                            }
                        },
                        "tainted": false
                    },
                    "deposed": [],
                    "provider": "provider.google"
                },
                "google_compute_target_http_proxy.http_lb_proxy": {
                    "type": "google_compute_target_http_proxy",
                    "depends_on": [
                        "google_compute_url_map.https_lb_url_map"
                    ],
                    "primary": {
                        "id": "httpproxy",
                        "attributes": {
                            "creation_timestamp": "2018-08-10T08:31:51.105-07:00",
                            "description": "really a load balancer but listed as an https proxy",
                            "id": "httpproxy",
                            "name": "httpproxy",
                            "project": "cf-sandbox-sijones",
                            "proxy_id": "5486014982724260104",
                            "self_link": "https://www.googleapis.com/compute/v1/projects/cf-sandbox-sijones/global/targetHttpProxies/httpproxy",
                            "url_map": "https://www.googleapis.com/compute/v1/projects/cf-sandbox-sijones/global/urlMaps/prod-lb-http"
                        },
                        "meta": {
                            "e2bfb730-ecaa-11e6-8f88-34363bc7c4c0": {
                                "create": 240000000000,
                                "delete": 240000000000,
                                "update": 240000000000
                            }
                        },
                        "tainted": false
                    },
                    "deposed": [],
                    "provider": "provider.google"
                },
                "google_compute_url_map.https_lb_url_map": {
                    "type": "google_compute_url_map",
                    "depends_on": [
                        "google_compute_backend_service.http_lb_backend_service"
                    ],
                    "primary": {
                        "id": "prod-lb-http",
                        "attributes": {
                            "default_service": "https://www.googleapis.com/compute/v1/projects/cf-sandbox-sijones/global/backendServices/httpslb",
                            "fingerprint": "TSj_36OrZhE=",
                            "host_rule.#": "0",
                            "id": "prod-lb-http",
                            "map_id": "4324595116523131188",
                            "name": "prod-lb-http",
                            "path_matcher.#": "0",
                            "project": "cf-sandbox-sijones",
                            "self_link": "https://www.googleapis.com/compute/v1/projects/cf-sandbox-sijones/global/urlMaps/prod-lb-http",
                            "test.#": "0"
                        },
                        "meta": {},
                        "tainted": false
                    },
                    "deposed": [],
                    "provider": "provider.google"
                }
            },
            "depends_on": []
        }
    ]
}
