{
    "version": 3,
    "terraform_version": "0.11.7",
    "serial": 17,
    "lineage": "d50568f8-428f-bd58-370e-f1dc04a71450",
    "modules": [
        {
            "path": [
                "root"
            ],
            "outputs": {},
            "resources": {
                "google_compute_address.app_server_cert_issue": {
                    "type": "google_compute_address",
                    "depends_on": [],
                    "primary": {
                        "id": "cf-sandbox-sijones/us-central1/cert-ip",
                        "attributes": {
                            "address": "35.232.209.30",
                            "address_type": "EXTERNAL",
                            "creation_timestamp": "2018-08-24T06:27:19.369-07:00",
                            "description": "",
                            "id": "cf-sandbox-sijones/us-central1/cert-ip",
                            "name": "cert-ip",
                            "network_tier": "PREMIUM",
                            "project": "cf-sandbox-sijones",
                            "region": "us-central1",
                            "self_link": "https://www.googleapis.com/compute/v1/projects/cf-sandbox-sijones/regions/us-central1/addresses/cert-ip",
                            "subnetwork": "",
                            "users.#": "1",
                            "users.0": "https://www.googleapis.com/compute/beta/projects/cf-sandbox-sijones/zones/us-central1-a/instances/app-server-cert-issue"
                        },
                        "meta": {
                            "e2bfb730-ecaa-11e6-8f88-34363bc7c4c0": {
                                "create": 240000000000,
                                "delete": 240000000000
                            }
                        },
                        "tainted": false
                    },
                    "deposed": [],
                    "provider": "provider.google"
                },
                "google_compute_address.app_server_cron_issue": {
                    "type": "google_compute_address",
                    "depends_on": [],
                    "primary": {
                        "id": "cf-sandbox-sijones/us-central1/cron-ip",
                        "attributes": {
                            "address": "104.197.102.197",
                            "address_type": "EXTERNAL",
                            "creation_timestamp": "2018-08-24T06:27:19.364-07:00",
                            "description": "",
                            "id": "cf-sandbox-sijones/us-central1/cron-ip",
                            "name": "cron-ip",
                            "network_tier": "PREMIUM",
                            "project": "cf-sandbox-sijones",
                            "region": "us-central1",
                            "self_link": "https://www.googleapis.com/compute/v1/projects/cf-sandbox-sijones/regions/us-central1/addresses/cron-ip",
                            "subnetwork": "",
                            "users.#": "1",
                            "users.0": "https://www.googleapis.com/compute/beta/projects/cf-sandbox-sijones/zones/us-central1-a/instances/app-server-cron-app"
                        },
                        "meta": {
                            "e2bfb730-ecaa-11e6-8f88-34363bc7c4c0": {
                                "create": 240000000000,
                                "delete": 240000000000
                            }
                        },
                        "tainted": false
                    },
                    "deposed": [],
                    "provider": "provider.google"
                },
                "google_compute_address.app_server_ip_issue": {
                    "type": "google_compute_address",
                    "depends_on": [],
                    "primary": {
                        "id": "cf-sandbox-sijones/us-central1/ip-ip",
                        "attributes": {
                            "address": "104.197.223.144",
                            "address_type": "EXTERNAL",
                            "creation_timestamp": "2018-08-24T06:27:19.469-07:00",
                            "description": "",
                            "id": "cf-sandbox-sijones/us-central1/ip-ip",
                            "name": "ip-ip",
                            "network_tier": "PREMIUM",
                            "project": "cf-sandbox-sijones",
                            "region": "us-central1",
                            "self_link": "https://www.googleapis.com/compute/v1/projects/cf-sandbox-sijones/regions/us-central1/addresses/ip-ip",
                            "subnetwork": "",
                            "users.#": "1",
                            "users.0": "https://www.googleapis.com/compute/beta/projects/cf-sandbox-sijones/zones/us-central1-a/instances/app-server-ip-issue"
                        },
                        "meta": {
                            "e2bfb730-ecaa-11e6-8f88-34363bc7c4c0": {
                                "create": 240000000000,
                                "delete": 240000000000
                            }
                        },
                        "tainted": false
                    },
                    "deposed": [],
                    "provider": "provider.google"
                },
                "google_compute_backend_service.http_lb_backend_service": {
                    "type": "google_compute_backend_service",
                    "depends_on": [
                        "google_compute_http_health_check.prod-lb-public",
                        "google_compute_instance_group.httplb"
                    ],
                    "primary": {
                        "id": "httpslb",
                        "attributes": {
                            "backend.#": "1",
                            "backend.4030908377.balancing_mode": "UTILIZATION",
                            "backend.4030908377.capacity_scaler": "1",
                            "backend.4030908377.description": "",
                            "backend.4030908377.group": "https://www.googleapis.com/compute/beta/projects/cf-sandbox-sijones/zones/us-central1-a/instanceGroups/httpslb",
                            "backend.4030908377.max_connections": "0",
                            "backend.4030908377.max_connections_per_instance": "0",
                            "backend.4030908377.max_rate": "0",
                            "backend.4030908377.max_rate_per_instance": "0",
                            "backend.4030908377.max_utilization": "0.8",
                            "cdn_policy.#": "1",
                            "cdn_policy.0.cache_key_policy.#": "1",
                            "cdn_policy.0.cache_key_policy.0.include_host": "false",
                            "cdn_policy.0.cache_key_policy.0.include_protocol": "false",
                            "cdn_policy.0.cache_key_policy.0.include_query_string": "false",
                            "cdn_policy.0.cache_key_policy.0.query_string_blacklist.#": "0",
                            "cdn_policy.0.cache_key_policy.0.query_string_whitelist.#": "0",
                            "connection_draining_timeout_sec": "300",
                            "custom_request_headers.#": "0",
                            "description": "",
                            "enable_cdn": "false",
                            "fingerprint": "wsyntwoLlo4=",
                            "health_checks.#": "1",
                            "health_checks.2161134114": "https://www.googleapis.com/compute/beta/projects/cf-sandbox-sijones/global/httpHealthChecks/prod-lb-public",
                            "iap.#": "0",
                            "id": "httpslb",
                            "name": "httpslb",
                            "port_name": "http",
                            "project": "cf-sandbox-sijones",
                            "protocol": "HTTP",
                            "security_policy": "",
                            "self_link": "https://www.googleapis.com/compute/v1/projects/cf-sandbox-sijones/global/backendServices/httpslb",
                            "session_affinity": "NONE",
                            "timeout_sec": "900"
                        },
                        "meta": {
                            "schema_version": "1"
                        },
                        "tainted": false
                    },
                    "deposed": [],
                    "provider": "provider.google"
                },
                "google_compute_firewall.external": {
                    "type": "google_compute_firewall",
                    "depends_on": [
                        "google_compute_network.production-network"
                    ],
                    "primary": {
                        "id": "production-external",
                        "attributes": {
                            "allow.#": "1",
                            "allow.2333383230.ports.#": "4",
                            "allow.2333383230.ports.0": "22",
                            "allow.2333383230.ports.1": "443",
                            "allow.2333383230.ports.2": "8080",
                            "allow.2333383230.ports.3": "8000",
                            "allow.2333383230.protocol": "tcp",
                            "deny.#": "0",
                            "description": "",
                            "destination_ranges.#": "0",
                            "direction": "INGRESS",
                            "disabled": "false",
                            "id": "production-external",
                            "name": "production-external",
                            "network": "https://www.googleapis.com/compute/v1/projects/cf-sandbox-sijones/global/networks/production-network",
                            "priority": "1000",
                            "project": "cf-sandbox-sijones",
                            "self_link": "https://www.googleapis.com/compute/v1/projects/cf-sandbox-sijones/global/firewalls/production-external",
                            "source_ranges.#": "1",
                            "source_ranges.1080289494": "0.0.0.0/0",
                            "source_service_accounts.#": "0",
                            "source_tags.#": "0",
                            "target_service_accounts.#": "0",
                            "target_tags.#": "1",
                            "target_tags.3555570144": "production"
                        },
                        "meta": {
                            "schema_version": "1"
                        },
                        "tainted": false
                    },
                    "deposed": [],
                    "provider": "provider.google"
                },
                "google_compute_firewall.prod-lb-health_check": {
                    "type": "google_compute_firewall",
                    "depends_on": [
                        "google_compute_network.production-network"
                    ],
                    "primary": {
                        "id": "prod-lb-health-check",
                        "attributes": {
                            "allow.#": "1",
                            "allow.2481140388.ports.#": "1",
                            "allow.2481140388.ports.0": "8080",
                            "allow.2481140388.protocol": "tcp",
                            "deny.#": "0",
                            "description": "",
                            "destination_ranges.#": "0",
                            "direction": "INGRESS",
                            "disabled": "false",
                            "id": "prod-lb-health-check",
                            "name": "prod-lb-health-check",
                            "network": "https://www.googleapis.com/compute/v1/projects/cf-sandbox-sijones/global/networks/production-network",
                            "priority": "1000",
                            "project": "cf-sandbox-sijones",
                            "self_link": "https://www.googleapis.com/compute/v1/projects/cf-sandbox-sijones/global/firewalls/prod-lb-health-check",
                            "source_ranges.#": "1",
                            "source_ranges.3771769585": "0.0.0.0",
                            "source_service_accounts.#": "0",
                            "source_tags.#": "0",
                            "target_service_accounts.#": "0",
                            "target_tags.#": "1",
                            "target_tags.3555570144": "production"
                        },
                        "meta": {
                            "schema_version": "1"
                        },
                        "tainted": false
                    },
                    "deposed": [],
                    "provider": "provider.google"
                },
                "google_compute_global_address.prod-lb": {
                    "type": "google_compute_global_address",
                    "depends_on": [],
                    "primary": {
                        "id": "prod-lb",
                        "attributes": {
                            "address": "35.241.24.23",
                            "creation_timestamp": "2018-08-10T08:29:59.652-07:00",
                            "description": "",
                            "id": "prod-lb",
                            "ip_version": "",
                            "name": "prod-lb",
                            "project": "cf-sandbox-sijones",
                            "self_link": "https://www.googleapis.com/compute/v1/projects/cf-sandbox-sijones/global/addresses/prod-lb"
                        },
                        "meta": {
                            "e2bfb730-ecaa-11e6-8f88-34363bc7c4c0": {
                                "create": 240000000000,
                                "delete": 240000000000
                            }
                        },
                        "tainted": false
                    },
                    "deposed": [],
                    "provider": "provider.google"
                },
                "google_compute_global_forwarding_rule.prod-lb-http": {
                    "type": "google_compute_global_forwarding_rule",
                    "depends_on": [
                        "google_compute_global_address.prod-lb",
                        "google_compute_target_http_proxy.http_lb_proxy"
                    ],
                    "primary": {
                        "id": "prod-lb-lb-http",
                        "attributes": {
                            "description": "",
                            "id": "prod-lb-lb-http",
                            "ip_address": "35.241.24.23",
                            "ip_protocol": "TCP",
                            "ip_version": "",
                            "label_fingerprint": "42WmSpB8rSM=",
                            "labels.%": "0",
                            "name": "prod-lb-lb-http",
                            "port_range": "80-80",
                            "project": "cf-sandbox-sijones",
                            "self_link": "https://www.googleapis.com/compute/v1/projects/cf-sandbox-sijones/global/forwardingRules/prod-lb-lb-http",
                            "target": "https://www.googleapis.com/compute/beta/projects/cf-sandbox-sijones/global/targetHttpProxies/httpproxy"
                        },
                        "meta": {},
                        "tainted": false
                    },
                    "deposed": [],
                    "provider": "provider.google"
                },
                "google_compute_global_forwarding_rule.prod-lb-https": {
                    "type": "google_compute_global_forwarding_rule",
                    "depends_on": [
                        "google_compute_global_address.prod-lb",
                        "google_compute_target_https_proxy.https_lb_proxy"
                    ],
                    "primary": {
                        "id": "prod-lb-lb-https",
                        "attributes": {
                            "description": "",
                            "id": "prod-lb-lb-https",
                            "ip_address": "35.241.24.23",
                            "ip_protocol": "TCP",
                            "ip_version": "",
                            "label_fingerprint": "42WmSpB8rSM=",
                            "labels.%": "0",
                            "name": "prod-lb-lb-https",
                            "port_range": "443-443",
                            "project": "cf-sandbox-sijones",
                            "self_link": "https://www.googleapis.com/compute/v1/projects/cf-sandbox-sijones/global/forwardingRules/prod-lb-lb-https",
                            "target": "https://www.googleapis.com/compute/beta/projects/cf-sandbox-sijones/global/targetHttpsProxies/httpsproxy"
                        },
                        "meta": {},
                        "tainted": false
                    },
                    "deposed": [],
                    "provider": "provider.google"
                },
                "google_compute_http_health_check.prod-lb-public": {
                    "type": "google_compute_http_health_check",
                    "depends_on": [],
                    "primary": {
                        "id": "prod-lb-public",
                        "attributes": {
                            "check_interval_sec": "1",
                            "creation_timestamp": "2018-08-10T08:29:59.284-07:00",
                            "description": "",
                            "healthy_threshold": "1",
                            "host": "",
                            "id": "prod-lb-public",
                            "name": "prod-lb-public",
                            "port": "8080",
                            "project": "cf-sandbox-sijones",
                            "request_path": "/hello",
                            "self_link": "https://www.googleapis.com/compute/v1/projects/cf-sandbox-sijones/global/httpHealthChecks/prod-lb-public",
                            "timeout_sec": "1",
                            "unhealthy_threshold": "1"
                        },
                        "meta": {
                            "e2bfb730-ecaa-11e6-8f88-34363bc7c4c0": {
                                "create": 240000000000,
                                "delete": 240000000000,
                                "update": 240000000000
                            }
                        },
                        "tainted": false
                    },
                    "deposed": [],
                    "provider": "provider.google"
                },
                "google_compute_instance.app_server_cert_issue": {
                    "type": "google_compute_instance",
                    "depends_on": [
                        "google_compute_address.app_server_cert_issue"
                    ],
                    "primary": {
                        "id": "app-server-cert-issue",
                        "attributes": {
                            "attached_disk.#": "0",
                            "boot_disk.#": "1",
                            "boot_disk.0.auto_delete": "true",
                            "boot_disk.0.device_name": "persistent-disk-0",
                            "boot_disk.0.disk_encryption_key_raw": "",
                            "boot_disk.0.disk_encryption_key_sha256": "",
                            "boot_disk.0.initialize_params.#": "1",
                            "boot_disk.0.initialize_params.0.image": "https://www.googleapis.com/compute/v1/projects/debian-cloud/global/images/debian-9-stretch-v20180820",
                            "boot_disk.0.initialize_params.0.size": "10",
                            "boot_disk.0.initialize_params.0.type": "pd-standard",
                            "boot_disk.0.source": "https://www.googleapis.com/compute/v1/projects/cf-sandbox-sijones/zones/us-central1-a/disks/app-server-cert-issue",
                            "can_ip_forward": "false",
                            "cpu_platform": "Intel Sandy Bridge",
                            "create_timeout": "4",
                            "deletion_protection": "false",
                            "guest_accelerator.#": "0",
                            "id": "app-server-cert-issue",
                            "instance_id": "2779397940772190509",
                            "label_fingerprint": "42WmSpB8rSM=",
                            "labels.%": "0",
                            "machine_type": "n1-standard-1",
                            "metadata.%": "0",
                            "metadata_fingerprint": "Tb9PliQ9Jqo=",
                            "metadata_startup_script": "",
                            "min_cpu_platform": "",
                            "name": "app-server-cert-issue",
                            "network_interface.#": "1",
                            "network_interface.0.access_config.#": "1",
                            "network_interface.0.access_config.0.assigned_nat_ip": "35.232.209.30",
                            "network_interface.0.access_config.0.nat_ip": "35.232.209.30",
                            "network_interface.0.access_config.0.network_tier": "PREMIUM",
                            "network_interface.0.access_config.0.public_ptr_domain_name": "",
                            "network_interface.0.address": "10.0.1.3",
                            "network_interface.0.alias_ip_range.#": "0",
                            "network_interface.0.name": "nic0",
                            "network_interface.0.network": "https://www.googleapis.com/compute/v1/projects/cf-sandbox-sijones/global/networks/production-network",
                            "network_interface.0.network_ip": "10.0.1.3",
                            "network_interface.0.subnetwork": "https://www.googleapis.com/compute/v1/projects/cf-sandbox-sijones/regions/us-central1/subnetworks/production-subnet",
                            "network_interface.0.subnetwork_project": "cf-sandbox-sijones",
                            "project": "cf-sandbox-sijones",
                            "scheduling.#": "1",
                            "scheduling.0.automatic_restart": "false",
                            "scheduling.0.on_host_maintenance": "MIGRATE",
                            "scheduling.0.preemptible": "false",
                            "scratch_disk.#": "0",
                            "self_link": "https://www.googleapis.com/compute/v1/projects/cf-sandbox-sijones/zones/us-central1-a/instances/app-server-cert-issue",
                            "service_account.#": "0",
                            "tags.#": "5",
                            "tags.1936433573": "https-server",
                            "tags.2290779604": "http-lb",
                            "tags.3555570144": "production",
                            "tags.756400216": "ssh-access",
                            "tags.988335155": "http-server",
                            "tags_fingerprint": "5w8gIxLCFA8=",
                            "zone": "us-central1-a"
                        },
                        "meta": {
                            "e2bfb730-ecaa-11e6-8f88-34363bc7c4c0": {
                                "create": 360000000000,
                                "delete": 360000000000,
                                "update": 360000000000
                            },
                            "schema_version": "6"
                        },
                        "tainted": false
                    },
                    "deposed": [],
                    "provider": "provider.google"
                },
                "google_compute_instance.app_server_cron_app": {
                    "type": "google_compute_instance",
                    "depends_on": [
                        "google_compute_address.app_server_cron_issue"
                    ],
                    "primary": {
                        "id": "app-server-cron-app",
                        "attributes": {
                            "attached_disk.#": "0",
                            "boot_disk.#": "1",
                            "boot_disk.0.auto_delete": "true",
                            "boot_disk.0.device_name": "persistent-disk-0",
                            "boot_disk.0.disk_encryption_key_raw": "",
                            "boot_disk.0.disk_encryption_key_sha256": "",
                            "boot_disk.0.initialize_params.#": "1",
                            "boot_disk.0.initialize_params.0.image": "https://www.googleapis.com/compute/v1/projects/debian-cloud/global/images/debian-9-stretch-v20180820",
                            "boot_disk.0.initialize_params.0.size": "10",
                            "boot_disk.0.initialize_params.0.type": "pd-standard",
                            "boot_disk.0.source": "https://www.googleapis.com/compute/v1/projects/cf-sandbox-sijones/zones/us-central1-a/disks/app-server-cron-app",
                            "can_ip_forward": "false",
                            "cpu_platform": "Intel Sandy Bridge",
                            "create_timeout": "4",
                            "deletion_protection": "false",
                            "guest_accelerator.#": "0",
                            "id": "app-server-cron-app",
                            "instance_id": "461231570874645576",
                            "label_fingerprint": "42WmSpB8rSM=",
                            "labels.%": "0",
                            "machine_type": "n1-standard-1",
                            "metadata.%": "0",
                            "metadata_fingerprint": "Tb9PliQ9Jqo=",
                            "metadata_startup_script": "",
                            "min_cpu_platform": "",
                            "name": "app-server-cron-app",
                            "network_interface.#": "1",
                            "network_interface.0.access_config.#": "1",
                            "network_interface.0.access_config.0.assigned_nat_ip": "104.197.102.197",
                            "network_interface.0.access_config.0.nat_ip": "104.197.102.197",
                            "network_interface.0.access_config.0.network_tier": "PREMIUM",
                            "network_interface.0.access_config.0.public_ptr_domain_name": "",
                            "network_interface.0.address": "10.0.1.4",
                            "network_interface.0.alias_ip_range.#": "0",
                            "network_interface.0.name": "nic0",
                            "network_interface.0.network": "https://www.googleapis.com/compute/v1/projects/cf-sandbox-sijones/global/networks/production-network",
                            "network_interface.0.network_ip": "10.0.1.4",
                            "network_interface.0.subnetwork": "https://www.googleapis.com/compute/v1/projects/cf-sandbox-sijones/regions/us-central1/subnetworks/production-subnet",
                            "network_interface.0.subnetwork_project": "cf-sandbox-sijones",
                            "project": "cf-sandbox-sijones",
                            "scheduling.#": "1",
                            "scheduling.0.automatic_restart": "false",
                            "scheduling.0.on_host_maintenance": "MIGRATE",
                            "scheduling.0.preemptible": "false",
                            "scratch_disk.#": "1",
                            "scratch_disk.0.interface": "SCSI",
                            "self_link": "https://www.googleapis.com/compute/v1/projects/cf-sandbox-sijones/zones/us-central1-a/instances/app-server-cron-app",
                            "service_account.#": "0",
                            "tags.#": "5",
                            "tags.1936433573": "https-server",
                            "tags.2290779604": "http-lb",
                            "tags.3555570144": "production",
                            "tags.756400216": "ssh-access",
                            "tags.988335155": "http-server",
                            "tags_fingerprint": "5w8gIxLCFA8=",
                            "zone": "us-central1-a"
                        },
                        "meta": {
                            "e2bfb730-ecaa-11e6-8f88-34363bc7c4c0": {
                                "create": 360000000000,
                                "delete": 360000000000,
                                "update": 360000000000
                            },
                            "schema_version": "6"
                        },
                        "tainted": false
                    },
                    "deposed": [],
                    "provider": "provider.google"
                },
                "google_compute_instance.app_server_ip_issue": {
                    "type": "google_compute_instance",
                    "depends_on": [
                        "google_compute_address.app_server_ip_issue"
                    ],
                    "primary": {
                        "id": "app-server-ip-issue",
                        "attributes": {
                            "attached_disk.#": "0",
                            "boot_disk.#": "1",
                            "boot_disk.0.auto_delete": "true",
                            "boot_disk.0.device_name": "persistent-disk-0",
                            "boot_disk.0.disk_encryption_key_raw": "",
                            "boot_disk.0.disk_encryption_key_sha256": "",
                            "boot_disk.0.initialize_params.#": "1",
                            "boot_disk.0.initialize_params.0.image": "https://www.googleapis.com/compute/v1/projects/debian-cloud/global/images/debian-9-stretch-v20180820",
                            "boot_disk.0.initialize_params.0.size": "10",
                            "boot_disk.0.initialize_params.0.type": "pd-standard",
                            "boot_disk.0.source": "https://www.googleapis.com/compute/v1/projects/cf-sandbox-sijones/zones/us-central1-a/disks/app-server-ip-issue",
                            "can_ip_forward": "false",
                            "cpu_platform": "Intel Sandy Bridge",
                            "create_timeout": "4",
                            "deletion_protection": "false",
                            "guest_accelerator.#": "0",
                            "id": "app-server-ip-issue",
                            "instance_id": "3044649683544554568",
                            "label_fingerprint": "42WmSpB8rSM=",
                            "labels.%": "0",
                            "machine_type": "n1-standard-1",
                            "metadata.%": "0",
                            "metadata_fingerprint": "Tb9PliQ9Jqo=",
                            "metadata_startup_script": "",
                            "min_cpu_platform": "",
                            "name": "app-server-ip-issue",
                            "network_interface.#": "1",
                            "network_interface.0.access_config.#": "1",
                            "network_interface.0.access_config.0.assigned_nat_ip": "104.197.223.144",
                            "network_interface.0.access_config.0.nat_ip": "104.197.223.144",
                            "network_interface.0.access_config.0.network_tier": "PREMIUM",
                            "network_interface.0.access_config.0.public_ptr_domain_name": "",
                            "network_interface.0.address": "10.0.1.2",
                            "network_interface.0.alias_ip_range.#": "0",
                            "network_interface.0.name": "nic0",
                            "network_interface.0.network": "https://www.googleapis.com/compute/v1/projects/cf-sandbox-sijones/global/networks/production-network",
                            "network_interface.0.network_ip": "10.0.1.2",
                            "network_interface.0.subnetwork": "https://www.googleapis.com/compute/v1/projects/cf-sandbox-sijones/regions/us-central1/subnetworks/production-subnet",
                            "network_interface.0.subnetwork_project": "cf-sandbox-sijones",
                            "project": "cf-sandbox-sijones",
                            "scheduling.#": "1",
                            "scheduling.0.automatic_restart": "false",
                            "scheduling.0.on_host_maintenance": "MIGRATE",
                            "scheduling.0.preemptible": "false",
                            "scratch_disk.#": "1",
                            "scratch_disk.0.interface": "SCSI",
                            "self_link": "https://www.googleapis.com/compute/v1/projects/cf-sandbox-sijones/zones/us-central1-a/instances/app-server-ip-issue",
                            "service_account.#": "0",
                            "tags.#": "5",
                            "tags.1936433573": "https-server",
                            "tags.2290779604": "http-lb",
                            "tags.3555570144": "production",
                            "tags.756400216": "ssh-access",
                            "tags.988335155": "http-server",
                            "tags_fingerprint": "5w8gIxLCFA8=",
                            "zone": "us-central1-a"
                        },
                        "meta": {
                            "e2bfb730-ecaa-11e6-8f88-34363bc7c4c0": {
                                "create": 360000000000,
                                "delete": 360000000000,
                                "update": 360000000000
                            },
                            "schema_version": "6"
                        },
                        "tainted": false
                    },
                    "deposed": [],
                    "provider": "provider.google"
                },
                "google_compute_instance_group.httplb": {
                    "type": "google_compute_instance_group",
                    "depends_on": [
                        "google_compute_instance.app_server_cert_issue",
                        "google_compute_instance.app_server_cron_app",
                        "google_compute_instance.app_server_ip_issue"
                    ],
                    "primary": {
                        "id": "us-central1-a/httpslb",
                        "attributes": {
                            "description": "terraform generated instance group that is multi-zone for https loadbalancing",
                            "id": "us-central1-a/httpslb",
                            "instances.#": "3",
                            "instances.2042007447": "https://www.googleapis.com/compute/v1/projects/cf-sandbox-sijones/zones/us-central1-a/instances/app-server-ip-issue",
                            "instances.2877549088": "https://www.googleapis.com/compute/v1/projects/cf-sandbox-sijones/zones/us-central1-a/instances/app-server-cron-app",
                            "instances.924851304": "https://www.googleapis.com/compute/v1/projects/cf-sandbox-sijones/zones/us-central1-a/instances/app-server-cert-issue",
                            "name": "httpslb",
                            "named_port.#": "0",
                            "network": "https://www.googleapis.com/compute/v1/projects/cf-sandbox-sijones/global/networks/production-network",
                            "project": "cf-sandbox-sijones",
                            "self_link": "https://www.googleapis.com/compute/v1/projects/cf-sandbox-sijones/zones/us-central1-a/instanceGroups/httpslb",
                            "size": "3",
                            "zone": "us-central1-a"
                        },
                        "meta": {
                            "schema_version": "2"
                        },
                        "tainted": false
                    },
                    "deposed": [],
                    "provider": "provider.google"
                },
                "google_compute_network.production-network": {
                    "type": "google_compute_network",
                    "depends_on": [],
                    "primary": {
                        "id": "production-network",
                        "attributes": {
                            "auto_create_subnetworks": "false",
                            "description": "",
                            "gateway_ipv4": "",
                            "id": "production-network",
                            "ipv4_range": "",
                            "name": "production-network",
                            "project": "cf-sandbox-sijones",
                            "routing_mode": "REGIONAL",
                            "self_link": "https://www.googleapis.com/compute/v1/projects/cf-sandbox-sijones/global/networks/production-network"
                        },
                        "meta": {},
                        "tainted": false
                    },
                    "deposed": [],
                    "provider": "provider.google"
                },
                "google_compute_ssl_certificate.cert": {
                    "type": "google_compute_ssl_certificate",
                    "depends_on": [],
                    "primary": {
                        "id": "lbcert-prod-cert20180824125815698500000001",
                        "attributes": {
                            "certificate": "-----BEGIN CERTIFICATE-----\nMIIC0TCCAbkCCQDuJAZ2qMYXSjANBgkqhkiG9w0BAQUFADAxMQswCQYDVQQGEwJV\nUzELMAkGA1UECAwCQ1QxFTATBgNVBAMMDG15Y2FjZXJ0LmNvbTAeFw0xODA4MjMw\nOTU2MDdaFw0xODA4MjQwOTU2MDdaMCQxCzAJBgNVBAgMAkNUMRUwEwYDVQQDDAxn\nYXJpbWFzaC5jb20wggEiMA0GCSqGSIb3DQEBAQUAA4IBDwAwggEKAoIBAQDlQ6gP\nOwDJDjuGLX/4IRnandaeBMrwk8IAz8A8Eu8iKm49LvYcHyBhvVKiwc1tVnkw38UU\nEVAe8iO94LGawpMMTSNQw9tA8nJQihMyNM0/+iB+ZCyFHc1CAKwr6n/6fxPEuOBn\nwh+iloic3J/nfcBHOHJkcKicP82ZzicGDXkJKOOcG6k3DaWNYQkMrmrUwuN6Wu53\njpcidZYVDDWLCYX3w2Qx8/eKAYJc2fGHafHH7N4rZ+7BEYR8PaB/8kqOH8IHdTbU\nRRzF9xlNK9vsa5k4ytgXLILBOuW8HZLGp31f7NMxzXfpFLTBhPJIK4I1qiMOChTS\n/ZmZ+SCBKz/V+ah5AgMBAAEwDQYJKoZIhvcNAQEFBQADggEBAF2/CqidUPFj2wW5\n/j16ynr3lQww6rbGECOhTiVI1+pd5lJnUfuBwy3lnCJEOyQBX2te6ZNQJEeezTrx\nC4Qs2QcQVR6fM//aOJUSoyxgo5y4Jyib+5OzgE6SGnK4G23pENn4s9hVURKj0dbb\njyySQP/AhaZNLWd86icGL1E1SDbfQSsoyH7e6vbFYgduDUxkoLEMOaA4WOUdRyF4\nfAdA7wMKPixkoFwtIc2sfxWzmyJe1Nw+h9VMZrxEtr9wrncyTCqC2FbxcL0lsUh7\nj8qG2efS2zYcslx4AFf7HTh8OxwDzTrWW0wLMALEfUBPYK+30AmIypPwz4kNO4n8\nmjmxBiU=\n-----END CERTIFICATE-----\n",
                            "certificate_id": "5692937234201558535",
                            "description": "user provided ssl private key / ssl certificate pair",
                            "id": "lbcert-prod-cert20180824125815698500000001",
                            "name": "lbcert-prod-cert20180824125815698500000001",
                            "name_prefix": "lbcert-prod-cert",
                            "private_key": "-----BEGIN RSA PRIVATE KEY-----\nMIIEowIBAAKCAQEA5UOoDzsAyQ47hi1/+CEZ2p3WngTK8JPCAM/APBLvIipuPS72\nHB8gYb1SosHNbVZ5MN/FFBFQHvIjveCxmsKTDE0jUMPbQPJyUIoTMjTNP/ogfmQs\nhR3NQgCsK+p/+n8TxLjgZ8IfopaInNyf533ARzhyZHConD/Nmc4nBg15CSjjnBup\nNw2ljWEJDK5q1MLjelrud46XInWWFQw1iwmF98NkMfP3igGCXNnxh2nxx+zeK2fu\nwRGEfD2gf/JKjh/CB3U21EUcxfcZTSvb7GuZOMrYFyyCwTrlvB2Sxqd9X+zTMc13\n6RS0wYTySCuCNaojDgoU0v2ZmfkggSs/1fmoeQIDAQABAoIBAQDjuoKTLl6nV5XU\nwBlfFTIjL6lhKQ2UTpDkUXh3s68JVvBNofohEOIPdAlDVhKByuVyoLOYLWJSet75\n2tlQCnoaO/0aWpHNP4ZBbgWHV1+RbxkbstFuIJ4kM5rRvIsG/XdbbvCo3/CghbqJ\nZbUIMqbtl6o5DpbNLatCXb3xiyxw5OVRNdWcA9dZBQB5LREiXfYzEkFBno6Oo/3m\nZ8lKjOIYKjNCvJSsbgMDvR0mT3P0wBtItz5LYWiQj7xnpnDITpcMENQEPsJzAIGw\npSuT3OCiDBDX327Qd7QU5csIvOaOFcsqRBGiQ82J+c53+lZmJ8priRsZLawmZr7x\noKXUB9UBAoGBAPhni8H0Uayvvu1CaSyacZzgqZC65cc9I3OBDt7Qlw7e8+YlNPTT\nwErHLaHuvbqtygbulSQVoe9NeYxA8FM4P2dsKrmw6Is2xRUToSt947fG+7PhBciJ\nTmDAQ/7alLixuWbPjlfKIfTodJ5ekKmvcU8tiDJz2usWTTc60SMKxJ/RAoGBAOxG\nSRNCKYr4wCe0emrlTruu+1X3fafhqVM2zjhqPxKFr3nYnfrJr8dN0T3k9iNQExA1\nebE3Qx0nbzwd1l5PT7/X2DeLN3tpiqMoUFpmTVjNGKENz24r6XMuytzQQTzk5KZb\nYCKzBqoeGxvqArvkvlvDrQeOeOazuz4pNqqxTxApAoGAaGlFsmnapsZcb2f5w1jL\nppA8VexpRvzo2NUHhhqRVBvc0wESqFIVQplEEgvCziPchltkbv10ypx7Gbv2CFTd\nOcCamODGbjXAU2Kj3R8WR5opFGviPW+RdVN7gTUpTBTQBGn7v+TjrwjCdAr1rY1k\nCE7wL5zJCQWfwTZE0ADnsvECgYAmKxiE9uw1GggYoewgtphoc1UAxzFSXH75BWJ8\n9JTpzhTRzy9+IvS1cpm5sPIeNEJQHQNioHXEEOnEQWGu7IsKh7jTCDdXRW5y+wE4\nCUy3arJu2gdHWeqlg8qbrzzKtINHaH14PYl3E9P3R29XoRUrR8n87YQUaLZ3zTqa\ningmOQKBgHH/2+0vXTqRNOuKzkv80JBI3iF3azh1LF+au1LwqzyzRuJOMV30Gvg6\ndM4m2Pg6w5F3jFsf5rY1TzkD5+mNHtHn8rKSc1EpPyjqr7eh55Re4EwxJb+5oR3d\nN/6aJxw+m6u6maJMG5wKFO+TjUqCE/boKsMGytqCnMM5+oFVS1EZ\n-----END RSA PRIVATE KEY-----\n",
                            "project": "cf-sandbox-sijones",
                            "self_link": "https://www.googleapis.com/compute/v1/projects/cf-sandbox-sijones/global/sslCertificates/lbcert-prod-cert20180824125815698500000001"
                        },
                        "meta": {},
                        "tainted": false
                    },
                    "deposed": [],
                    "provider": "provider.google"
                },
                "google_compute_subnetwork.production-subnet": {
                    "type": "google_compute_subnetwork",
                    "depends_on": [
                        "google_compute_network.production-network"
                    ],
                    "primary": {
                        "id": "us-central1/production-subnet",
                        "attributes": {
                            "creation_timestamp": "2018-08-10T08:30:10.353-07:00",
                            "description": "",
                            "enable_flow_logs": "false",
                            "fingerprint": "AswtwfDmYuk=",
                            "gateway_address": "10.0.1.1",
                            "id": "us-central1/production-subnet",
                            "ip_cidr_range": "10.0.1.0/24",
                            "name": "production-subnet",
                            "network": "https://www.googleapis.com/compute/beta/projects/cf-sandbox-sijones/global/networks/production-network",
                            "private_ip_google_access": "false",
                            "project": "cf-sandbox-sijones",
                            "region": "us-central1",
                            "secondary_ip_range.#": "0",
                            "self_link": "https://www.googleapis.com/compute/v1/projects/cf-sandbox-sijones/regions/us-central1/subnetworks/production-subnet"
                        },
                        "meta": {
                            "e2bfb730-ecaa-11e6-8f88-34363bc7c4c0": {
                                "create": 360000000000,
                                "delete": 360000000000,
                                "update": 360000000000
                            }
                        },
                        "tainted": false
                    },
                    "deposed": [],
                    "provider": "provider.google"
                },
                "google_compute_target_http_proxy.http_lb_proxy": {
                    "type": "google_compute_target_http_proxy",
                    "depends_on": [
                        "google_compute_url_map.https_lb_url_map"
                    ],
                    "primary": {
                        "id": "httpproxy",
                        "attributes": {
                            "creation_timestamp": "2018-08-10T08:31:51.105-07:00",
                            "description": "really a load balancer but listed as an https proxy",
                            "id": "httpproxy",
                            "name": "httpproxy",
                            "project": "cf-sandbox-sijones",
                            "proxy_id": "5486014982724260104",
                            "self_link": "https://www.googleapis.com/compute/v1/projects/cf-sandbox-sijones/global/targetHttpProxies/httpproxy",
                            "url_map": "https://www.googleapis.com/compute/v1/projects/cf-sandbox-sijones/global/urlMaps/prod-lb-http"
                        },
                        "meta": {
                            "e2bfb730-ecaa-11e6-8f88-34363bc7c4c0": {
                                "create": 240000000000,
                                "delete": 240000000000,
                                "update": 240000000000
                            }
                        },
                        "tainted": false
                    },
                    "deposed": [],
                    "provider": "provider.google"
                },
                "google_compute_target_https_proxy.https_lb_proxy": {
                    "type": "google_compute_target_https_proxy",
                    "depends_on": [
                        "google_compute_ssl_certificate.cert",
                        "google_compute_url_map.https_lb_url_map"
                    ],
                    "primary": {
                        "id": "httpsproxy",
                        "attributes": {
                            "creation_timestamp": "2018-08-10T08:39:57.221-07:00",
                            "description": "really a load balancer but listed as an https proxy",
                            "id": "httpsproxy",
                            "name": "httpsproxy",
                            "project": "cf-sandbox-sijones",
                            "proxy_id": "3641532026097504034",
                            "quic_override": "",
                            "self_link": "https://www.googleapis.com/compute/v1/projects/cf-sandbox-sijones/global/targetHttpsProxies/httpsproxy",
                            "ssl_certificates.#": "1",
                            "ssl_certificates.0": "https://www.googleapis.com/compute/v1/projects/cf-sandbox-sijones/global/sslCertificates/lbcert-prod-cert20180824125815698500000001",
                            "ssl_policy": "",
                            "url_map": "https://www.googleapis.com/compute/v1/projects/cf-sandbox-sijones/global/urlMaps/prod-lb-http"
                        },
                        "meta": {
                            "e2bfb730-ecaa-11e6-8f88-34363bc7c4c0": {
                                "create": 240000000000,
                                "delete": 240000000000,
                                "update": 240000000000
                            }
                        },
                        "tainted": false
                    },
                    "deposed": [],
                    "provider": "provider.google"
                },
                "google_compute_url_map.https_lb_url_map": {
                    "type": "google_compute_url_map",
                    "depends_on": [
                        "google_compute_backend_service.http_lb_backend_service"
                    ],
                    "primary": {
                        "id": "prod-lb-http",
                        "attributes": {
                            "default_service": "https://www.googleapis.com/compute/v1/projects/cf-sandbox-sijones/global/backendServices/httpslb",
                            "fingerprint": "TSj_36OrZhE=",
                            "host_rule.#": "0",
                            "id": "prod-lb-http",
                            "map_id": "4324595116523131188",
                            "name": "prod-lb-http",
                            "path_matcher.#": "0",
                            "project": "cf-sandbox-sijones",
                            "self_link": "https://www.googleapis.com/compute/v1/projects/cf-sandbox-sijones/global/urlMaps/prod-lb-http",
                            "test.#": "0"
                        },
                        "meta": {},
                        "tainted": false
                    },
                    "deposed": [],
                    "provider": "provider.google"
                }
            },
            "depends_on": []
        }
    ]
}
